
Microsoft Visual Studio Solution File, Format Version 12.00
# Visual Studio 15
VisualStudioVersion = 15.0.27130.2036
MinimumVisualStudioVersion = 10.0.40219.1
Project("{FAE04EC0-301F-11D3-BF4B-00C04F79EFBC}") = "DirectoryCopier", "DirectoryCopier\DirectoryCopier.csproj", "{2699CD9C-7A94-4B51-A548-5C24622A558F}"
EndProject
Global
	GlobalSection(SolutionConfigurationPlatforms) = preSolution
		Debug|Any CPU = Debug|Any CPU
		Release|Any CPU = Release|Any CPU
	EndGlobalSection
	GlobalSection(ProjectConfigurationPlatforms) = postSolution
		{2699CD9C-7A94-4B51-A548-5C24622A558F}.Debug|Any CPU.ActiveCfg = Debug|Any CPU
		{2699CD9C-7A94-4B51-A548-5C24622A558F}.Debug|Any CPU.Build.0 = Debug|Any CPU
		{2699CD9C-7A94-4B51-A548-5C24622A558F}.Release|Any CPU.ActiveCfg = Release|Any CPU
		{2699CD9C-7A94-4B51-A548-5C24622A558F}.Release|Any CPU.Build.0 = Release|Any CPU
	EndGlobalSection
	GlobalSection(SolutionProperties) = preSolution
		HideSolutionNode = FALSE
	EndGlobalSection
	GlobalSection(ExtensibilityGlobals) = postSolution
		SolutionGuid = {26DA8CE9-25A4-4F99-BD6C-05236320F779}
	EndGlobalSection
EndGlobal
